
Microsoft Visual Studio Solution File, Format Version 12.00
# Visual Studio 15
VisualStudioVersion = 15.0.28307.329
MinimumVisualStudioVersion = 10.0.40219.1
Project("{8BC9CEB8-8B4A-11D0-8D11-00A0C91BC942}") = "TestOgre", "proj\TestOgre\TestOgre.vcxproj", "{EF1B18E5-6A28-400F-89ED-E738CE569183}"
EndProject
Project("{8BC9CEB8-8B4A-11D0-8D11-00A0C91BC942}") = "WindowTest", "proj\WindowTest\WindowTest.vcxproj", "{43F1B191-80DA-44A7-B91B-0EB54680126A}"
EndProject
Project("{8BC9CEB8-8B4A-11D0-8D11-00A0C91BC942}") = "InputTest", "proj\InputTest\InputTest.vcxproj", "{3B07103B-F953-4D47-BB7F-BF67E20E19CE}"
EndProject
Project("{8BC9CEB8-8B4A-11D0-8D11-00A0C91BC942}") = "CheeseTest", "proj\CheeseTest\CheeseTest.vcxproj", "{FB6B76C6-A25A-47D5-955F-188E54953BAF}"
EndProject
Project("{8BC9CEB8-8B4A-11D0-8D11-00A0C91BC942}") = "EntityComponentSystem", "proj\EntityComponentSystem\EntityComponentSystem.vcxproj", "{65051CFB-B4DE-410F-80DA-2BC8726D2695}"
EndProject
Project("{8BC9CEB8-8B4A-11D0-8D11-00A0C91BC942}") = "ECSTest", "proj\ECSTest\ECSTest.vcxproj", "{D9B86F10-B75D-451B-8C2B-CF08C1944341}"
	ProjectSection(ProjectDependencies) = postProject
		{65051CFB-B4DE-410F-80DA-2BC8726D2695} = {65051CFB-B4DE-410F-80DA-2BC8726D2695}
	EndProjectSection
EndProject
Project("{8BC9CEB8-8B4A-11D0-8D11-00A0C91BC942}") = "MainProject", "proj\MainProject\MainProject.vcxproj", "{90FBC4D2-63F5-4E54-807D-682598D40EB9}"
EndProject
Project("{8BC9CEB8-8B4A-11D0-8D11-00A0C91BC942}") = "AudioTest", "proj\AudioTest\AudioTest.vcxproj", "{466530FF-B024-4283-B248-BE763D0CE844}"
EndProject
Project("{8BC9CEB8-8B4A-11D0-8D11-00A0C91BC942}") = "MapTest", "proj\MapTest\MapTest.vcxproj", "{F43E5FEC-DF43-47AB-957B-7DF46DA2D963}"
EndProject
Project("{8BC9CEB8-8B4A-11D0-8D11-00A0C91BC942}") = "AudioSystem", "proj\AudioSystem\AudioSystem.vcxproj", "{BCF42882-1FEC-4197-8FB0-4589FC019CE3}"
EndProject
Project("{2150E333-8FDC-42A3-9474-1A3956D46DE8}") = "TESTS", "TESTS", "{95055AD1-DA7B-4FC5-99F9-CA8CC4998641}"
EndProject
Project("{2150E333-8FDC-42A3-9474-1A3956D46DE8}") = "SYSTEMS", "SYSTEMS", "{7EB74F2B-1CE0-4CFF-9B68-9212C8E960FA}"
EndProject
Project("{2150E333-8FDC-42A3-9474-1A3956D46DE8}") = "BUILDS", "BUILDS", "{28F1D134-FA58-4FF6-AEB5-2A9ABC42CFDE}"
EndProject
Project("{8BC9CEB8-8B4A-11D0-8D11-00A0C91BC942}") = "PhysicsTest", "proj\PhysicsTest\PhysicsTest.vcxproj", "{CD27E7E3-2B9D-472A-8200-4A0493624654}"
EndProject
Project("{8BC9CEB8-8B4A-11D0-8D11-00A0C91BC942}") = "PhysicSystem", "proj\PhysicSystem\PhysicSystem.vcxproj", "{F49AB9D2-CE9A-4CBA-9D91-E9B187E46155}"
EndProject
Project("{8BC9CEB8-8B4A-11D0-8D11-00A0C91BC942}") = "RenderSystem", "proj\RenderSystem\RenderSystem.vcxproj", "{A2135C3A-B03D-41E4-AB52-93D0F9203D6A}"
EndProject
Project("{8BC9CEB8-8B4A-11D0-8D11-00A0C91BC942}") = "Milestone1", "proj\Milestone1\Milestone1.vcxproj", "{7F94F34B-902B-4BB6-935C-90F5C4A94D6E}"
EndProject
Project("{8BC9CEB8-8B4A-11D0-8D11-00A0C91BC942}") = "MapSystem", "proj\MapSystem\MapSystem.vcxproj", "{A1F0039F-3880-482C-B1C3-E27B7F13C2AE}"
EndProject
Project("{8BC9CEB8-8B4A-11D0-8D11-00A0C91BC942}") = "OISTest", "proj\OISTest\OISTest.vcxproj", "{0047571B-4F7D-49C0-94DD-A1059BE17C5D}"
EndProject
Project("{8BC9CEB8-8B4A-11D0-8D11-00A0C91BC942}") = "CEGUITest", "proj\CEGUITest\CEGUITest.vcxproj", "{27802ABD-6150-42D4-BA22-3A13268ABA1A}"
EndProject
<<<<<<< HEAD
Project("{8BC9CEB8-8B4A-11D0-8D11-00A0C91BC942}") = "RaycastTest", "proj\RaycastTest\RaycastTest.vcxproj", "{CA57A5FA-B4CE-44A6-90AD-7013F52D638B}"
=======
Project("{8BC9CEB8-8B4A-11D0-8D11-00A0C91BC942}") = "InputSystem", "proj\InputSystem\InputSystem.vcxproj", "{9127DB38-4498-473A-80EE-00671A4D46DF}"
>>>>>>> 791c797949c72977407d078b7ab8f39582105ae4
EndProject
Global
	GlobalSection(SolutionConfigurationPlatforms) = preSolution
		Debug|x64 = Debug|x64
		Debug|x86 = Debug|x86
		Release|x64 = Release|x64
		Release|x86 = Release|x86
	EndGlobalSection
	GlobalSection(ProjectConfigurationPlatforms) = postSolution
		{EF1B18E5-6A28-400F-89ED-E738CE569183}.Debug|x64.ActiveCfg = Debug|x64
		{EF1B18E5-6A28-400F-89ED-E738CE569183}.Debug|x64.Build.0 = Debug|x64
		{EF1B18E5-6A28-400F-89ED-E738CE569183}.Debug|x86.ActiveCfg = Debug|Win32
		{EF1B18E5-6A28-400F-89ED-E738CE569183}.Debug|x86.Build.0 = Debug|Win32
		{EF1B18E5-6A28-400F-89ED-E738CE569183}.Release|x64.ActiveCfg = Release|x64
		{EF1B18E5-6A28-400F-89ED-E738CE569183}.Release|x64.Build.0 = Release|x64
		{EF1B18E5-6A28-400F-89ED-E738CE569183}.Release|x86.ActiveCfg = Release|Win32
		{EF1B18E5-6A28-400F-89ED-E738CE569183}.Release|x86.Build.0 = Release|Win32
		{43F1B191-80DA-44A7-B91B-0EB54680126A}.Debug|x64.ActiveCfg = Debug|x64
		{43F1B191-80DA-44A7-B91B-0EB54680126A}.Debug|x64.Build.0 = Debug|x64
		{43F1B191-80DA-44A7-B91B-0EB54680126A}.Debug|x86.ActiveCfg = Debug|Win32
		{43F1B191-80DA-44A7-B91B-0EB54680126A}.Debug|x86.Build.0 = Debug|Win32
		{43F1B191-80DA-44A7-B91B-0EB54680126A}.Release|x64.ActiveCfg = Release|x64
		{43F1B191-80DA-44A7-B91B-0EB54680126A}.Release|x64.Build.0 = Release|x64
		{43F1B191-80DA-44A7-B91B-0EB54680126A}.Release|x86.ActiveCfg = Release|Win32
		{43F1B191-80DA-44A7-B91B-0EB54680126A}.Release|x86.Build.0 = Release|Win32
		{3B07103B-F953-4D47-BB7F-BF67E20E19CE}.Debug|x64.ActiveCfg = Debug|x64
		{3B07103B-F953-4D47-BB7F-BF67E20E19CE}.Debug|x64.Build.0 = Debug|x64
		{3B07103B-F953-4D47-BB7F-BF67E20E19CE}.Debug|x86.ActiveCfg = Debug|Win32
		{3B07103B-F953-4D47-BB7F-BF67E20E19CE}.Debug|x86.Build.0 = Debug|Win32
		{3B07103B-F953-4D47-BB7F-BF67E20E19CE}.Release|x64.ActiveCfg = Release|x64
		{3B07103B-F953-4D47-BB7F-BF67E20E19CE}.Release|x64.Build.0 = Release|x64
		{3B07103B-F953-4D47-BB7F-BF67E20E19CE}.Release|x86.ActiveCfg = Release|Win32
		{3B07103B-F953-4D47-BB7F-BF67E20E19CE}.Release|x86.Build.0 = Release|Win32
		{FB6B76C6-A25A-47D5-955F-188E54953BAF}.Debug|x64.ActiveCfg = Debug|x64
		{FB6B76C6-A25A-47D5-955F-188E54953BAF}.Debug|x64.Build.0 = Debug|x64
		{FB6B76C6-A25A-47D5-955F-188E54953BAF}.Debug|x86.ActiveCfg = Debug|Win32
		{FB6B76C6-A25A-47D5-955F-188E54953BAF}.Debug|x86.Build.0 = Debug|Win32
		{FB6B76C6-A25A-47D5-955F-188E54953BAF}.Release|x64.ActiveCfg = Release|x64
		{FB6B76C6-A25A-47D5-955F-188E54953BAF}.Release|x64.Build.0 = Release|x64
		{FB6B76C6-A25A-47D5-955F-188E54953BAF}.Release|x86.ActiveCfg = Release|Win32
		{FB6B76C6-A25A-47D5-955F-188E54953BAF}.Release|x86.Build.0 = Release|Win32
		{65051CFB-B4DE-410F-80DA-2BC8726D2695}.Debug|x64.ActiveCfg = Debug|x64
		{65051CFB-B4DE-410F-80DA-2BC8726D2695}.Debug|x64.Build.0 = Debug|x64
		{65051CFB-B4DE-410F-80DA-2BC8726D2695}.Debug|x86.ActiveCfg = Debug|Win32
		{65051CFB-B4DE-410F-80DA-2BC8726D2695}.Debug|x86.Build.0 = Debug|Win32
		{65051CFB-B4DE-410F-80DA-2BC8726D2695}.Release|x64.ActiveCfg = Release|x64
		{65051CFB-B4DE-410F-80DA-2BC8726D2695}.Release|x64.Build.0 = Release|x64
		{65051CFB-B4DE-410F-80DA-2BC8726D2695}.Release|x86.ActiveCfg = Release|Win32
		{65051CFB-B4DE-410F-80DA-2BC8726D2695}.Release|x86.Build.0 = Release|Win32
		{D9B86F10-B75D-451B-8C2B-CF08C1944341}.Debug|x64.ActiveCfg = Debug|x64
		{D9B86F10-B75D-451B-8C2B-CF08C1944341}.Debug|x64.Build.0 = Debug|x64
		{D9B86F10-B75D-451B-8C2B-CF08C1944341}.Debug|x86.ActiveCfg = Debug|Win32
		{D9B86F10-B75D-451B-8C2B-CF08C1944341}.Debug|x86.Build.0 = Debug|Win32
		{D9B86F10-B75D-451B-8C2B-CF08C1944341}.Release|x64.ActiveCfg = Release|x64
		{D9B86F10-B75D-451B-8C2B-CF08C1944341}.Release|x64.Build.0 = Release|x64
		{D9B86F10-B75D-451B-8C2B-CF08C1944341}.Release|x86.ActiveCfg = Release|Win32
		{D9B86F10-B75D-451B-8C2B-CF08C1944341}.Release|x86.Build.0 = Release|Win32
		{90FBC4D2-63F5-4E54-807D-682598D40EB9}.Debug|x64.ActiveCfg = Debug|x64
		{90FBC4D2-63F5-4E54-807D-682598D40EB9}.Debug|x64.Build.0 = Debug|x64
		{90FBC4D2-63F5-4E54-807D-682598D40EB9}.Debug|x86.ActiveCfg = Debug|Win32
		{90FBC4D2-63F5-4E54-807D-682598D40EB9}.Debug|x86.Build.0 = Debug|Win32
		{90FBC4D2-63F5-4E54-807D-682598D40EB9}.Release|x64.ActiveCfg = Release|x64
		{90FBC4D2-63F5-4E54-807D-682598D40EB9}.Release|x64.Build.0 = Release|x64
		{90FBC4D2-63F5-4E54-807D-682598D40EB9}.Release|x86.ActiveCfg = Release|Win32
		{90FBC4D2-63F5-4E54-807D-682598D40EB9}.Release|x86.Build.0 = Release|Win32
		{466530FF-B024-4283-B248-BE763D0CE844}.Debug|x64.ActiveCfg = Debug|x64
		{466530FF-B024-4283-B248-BE763D0CE844}.Debug|x64.Build.0 = Debug|x64
		{466530FF-B024-4283-B248-BE763D0CE844}.Debug|x86.ActiveCfg = Debug|Win32
		{466530FF-B024-4283-B248-BE763D0CE844}.Debug|x86.Build.0 = Debug|Win32
		{466530FF-B024-4283-B248-BE763D0CE844}.Release|x64.ActiveCfg = Release|x64
		{466530FF-B024-4283-B248-BE763D0CE844}.Release|x64.Build.0 = Release|x64
		{466530FF-B024-4283-B248-BE763D0CE844}.Release|x86.ActiveCfg = Release|Win32
		{466530FF-B024-4283-B248-BE763D0CE844}.Release|x86.Build.0 = Release|Win32
		{F43E5FEC-DF43-47AB-957B-7DF46DA2D963}.Debug|x64.ActiveCfg = Debug|x64
		{F43E5FEC-DF43-47AB-957B-7DF46DA2D963}.Debug|x64.Build.0 = Debug|x64
		{F43E5FEC-DF43-47AB-957B-7DF46DA2D963}.Debug|x86.ActiveCfg = Debug|Win32
		{F43E5FEC-DF43-47AB-957B-7DF46DA2D963}.Debug|x86.Build.0 = Debug|Win32
		{F43E5FEC-DF43-47AB-957B-7DF46DA2D963}.Release|x64.ActiveCfg = Release|x64
		{F43E5FEC-DF43-47AB-957B-7DF46DA2D963}.Release|x64.Build.0 = Release|x64
		{F43E5FEC-DF43-47AB-957B-7DF46DA2D963}.Release|x86.ActiveCfg = Release|Win32
		{F43E5FEC-DF43-47AB-957B-7DF46DA2D963}.Release|x86.Build.0 = Release|Win32
		{BCF42882-1FEC-4197-8FB0-4589FC019CE3}.Debug|x64.ActiveCfg = Debug|x64
		{BCF42882-1FEC-4197-8FB0-4589FC019CE3}.Debug|x64.Build.0 = Debug|x64
		{BCF42882-1FEC-4197-8FB0-4589FC019CE3}.Debug|x86.ActiveCfg = Debug|Win32
		{BCF42882-1FEC-4197-8FB0-4589FC019CE3}.Debug|x86.Build.0 = Debug|Win32
		{BCF42882-1FEC-4197-8FB0-4589FC019CE3}.Release|x64.ActiveCfg = Release|x64
		{BCF42882-1FEC-4197-8FB0-4589FC019CE3}.Release|x64.Build.0 = Release|x64
		{BCF42882-1FEC-4197-8FB0-4589FC019CE3}.Release|x86.ActiveCfg = Release|Win32
		{BCF42882-1FEC-4197-8FB0-4589FC019CE3}.Release|x86.Build.0 = Release|Win32
		{CD27E7E3-2B9D-472A-8200-4A0493624654}.Debug|x64.ActiveCfg = Debug|x64
		{CD27E7E3-2B9D-472A-8200-4A0493624654}.Debug|x64.Build.0 = Debug|x64
		{CD27E7E3-2B9D-472A-8200-4A0493624654}.Debug|x86.ActiveCfg = Debug|Win32
		{CD27E7E3-2B9D-472A-8200-4A0493624654}.Debug|x86.Build.0 = Debug|Win32
		{CD27E7E3-2B9D-472A-8200-4A0493624654}.Release|x64.ActiveCfg = Release|x64
		{CD27E7E3-2B9D-472A-8200-4A0493624654}.Release|x64.Build.0 = Release|x64
		{CD27E7E3-2B9D-472A-8200-4A0493624654}.Release|x86.ActiveCfg = Release|Win32
		{CD27E7E3-2B9D-472A-8200-4A0493624654}.Release|x86.Build.0 = Release|Win32
		{F49AB9D2-CE9A-4CBA-9D91-E9B187E46155}.Debug|x64.ActiveCfg = Debug|x64
		{F49AB9D2-CE9A-4CBA-9D91-E9B187E46155}.Debug|x64.Build.0 = Debug|x64
		{F49AB9D2-CE9A-4CBA-9D91-E9B187E46155}.Debug|x86.ActiveCfg = Debug|Win32
		{F49AB9D2-CE9A-4CBA-9D91-E9B187E46155}.Debug|x86.Build.0 = Debug|Win32
		{F49AB9D2-CE9A-4CBA-9D91-E9B187E46155}.Release|x64.ActiveCfg = Release|x64
		{F49AB9D2-CE9A-4CBA-9D91-E9B187E46155}.Release|x64.Build.0 = Release|x64
		{F49AB9D2-CE9A-4CBA-9D91-E9B187E46155}.Release|x86.ActiveCfg = Release|Win32
		{F49AB9D2-CE9A-4CBA-9D91-E9B187E46155}.Release|x86.Build.0 = Release|Win32
		{A2135C3A-B03D-41E4-AB52-93D0F9203D6A}.Debug|x64.ActiveCfg = Debug|x64
		{A2135C3A-B03D-41E4-AB52-93D0F9203D6A}.Debug|x64.Build.0 = Debug|x64
		{A2135C3A-B03D-41E4-AB52-93D0F9203D6A}.Debug|x86.ActiveCfg = Debug|Win32
		{A2135C3A-B03D-41E4-AB52-93D0F9203D6A}.Debug|x86.Build.0 = Debug|Win32
		{A2135C3A-B03D-41E4-AB52-93D0F9203D6A}.Release|x64.ActiveCfg = Release|x64
		{A2135C3A-B03D-41E4-AB52-93D0F9203D6A}.Release|x64.Build.0 = Release|x64
		{A2135C3A-B03D-41E4-AB52-93D0F9203D6A}.Release|x86.ActiveCfg = Release|Win32
		{A2135C3A-B03D-41E4-AB52-93D0F9203D6A}.Release|x86.Build.0 = Release|Win32
		{7F94F34B-902B-4BB6-935C-90F5C4A94D6E}.Debug|x64.ActiveCfg = Debug|x64
		{7F94F34B-902B-4BB6-935C-90F5C4A94D6E}.Debug|x64.Build.0 = Debug|x64
		{7F94F34B-902B-4BB6-935C-90F5C4A94D6E}.Debug|x86.ActiveCfg = Debug|Win32
		{7F94F34B-902B-4BB6-935C-90F5C4A94D6E}.Debug|x86.Build.0 = Debug|Win32
		{7F94F34B-902B-4BB6-935C-90F5C4A94D6E}.Release|x64.ActiveCfg = Release|x64
		{7F94F34B-902B-4BB6-935C-90F5C4A94D6E}.Release|x64.Build.0 = Release|x64
		{7F94F34B-902B-4BB6-935C-90F5C4A94D6E}.Release|x86.ActiveCfg = Release|Win32
		{7F94F34B-902B-4BB6-935C-90F5C4A94D6E}.Release|x86.Build.0 = Release|Win32
		{A1F0039F-3880-482C-B1C3-E27B7F13C2AE}.Debug|x64.ActiveCfg = Debug|x64
		{A1F0039F-3880-482C-B1C3-E27B7F13C2AE}.Debug|x64.Build.0 = Debug|x64
		{A1F0039F-3880-482C-B1C3-E27B7F13C2AE}.Debug|x86.ActiveCfg = Debug|Win32
		{A1F0039F-3880-482C-B1C3-E27B7F13C2AE}.Debug|x86.Build.0 = Debug|Win32
		{A1F0039F-3880-482C-B1C3-E27B7F13C2AE}.Release|x64.ActiveCfg = Release|x64
		{A1F0039F-3880-482C-B1C3-E27B7F13C2AE}.Release|x64.Build.0 = Release|x64
		{A1F0039F-3880-482C-B1C3-E27B7F13C2AE}.Release|x86.ActiveCfg = Release|Win32
		{A1F0039F-3880-482C-B1C3-E27B7F13C2AE}.Release|x86.Build.0 = Release|Win32
		{0047571B-4F7D-49C0-94DD-A1059BE17C5D}.Debug|x64.ActiveCfg = Debug|x64
		{0047571B-4F7D-49C0-94DD-A1059BE17C5D}.Debug|x64.Build.0 = Debug|x64
		{0047571B-4F7D-49C0-94DD-A1059BE17C5D}.Debug|x86.ActiveCfg = Debug|Win32
		{0047571B-4F7D-49C0-94DD-A1059BE17C5D}.Debug|x86.Build.0 = Debug|Win32
		{0047571B-4F7D-49C0-94DD-A1059BE17C5D}.Release|x64.ActiveCfg = Release|x64
		{0047571B-4F7D-49C0-94DD-A1059BE17C5D}.Release|x64.Build.0 = Release|x64
		{0047571B-4F7D-49C0-94DD-A1059BE17C5D}.Release|x86.ActiveCfg = Release|Win32
		{0047571B-4F7D-49C0-94DD-A1059BE17C5D}.Release|x86.Build.0 = Release|Win32
		{27802ABD-6150-42D4-BA22-3A13268ABA1A}.Debug|x64.ActiveCfg = Debug|x64
		{27802ABD-6150-42D4-BA22-3A13268ABA1A}.Debug|x64.Build.0 = Debug|x64
		{27802ABD-6150-42D4-BA22-3A13268ABA1A}.Debug|x86.ActiveCfg = Debug|Win32
		{27802ABD-6150-42D4-BA22-3A13268ABA1A}.Debug|x86.Build.0 = Debug|Win32
		{27802ABD-6150-42D4-BA22-3A13268ABA1A}.Release|x64.ActiveCfg = Release|x64
		{27802ABD-6150-42D4-BA22-3A13268ABA1A}.Release|x64.Build.0 = Release|x64
		{27802ABD-6150-42D4-BA22-3A13268ABA1A}.Release|x86.ActiveCfg = Release|Win32
		{27802ABD-6150-42D4-BA22-3A13268ABA1A}.Release|x86.Build.0 = Release|Win32
<<<<<<< HEAD
		{CA57A5FA-B4CE-44A6-90AD-7013F52D638B}.Debug|x64.ActiveCfg = Debug|x64
		{CA57A5FA-B4CE-44A6-90AD-7013F52D638B}.Debug|x64.Build.0 = Debug|x64
		{CA57A5FA-B4CE-44A6-90AD-7013F52D638B}.Debug|x86.ActiveCfg = Debug|Win32
		{CA57A5FA-B4CE-44A6-90AD-7013F52D638B}.Debug|x86.Build.0 = Debug|Win32
		{CA57A5FA-B4CE-44A6-90AD-7013F52D638B}.Release|x64.ActiveCfg = Release|x64
		{CA57A5FA-B4CE-44A6-90AD-7013F52D638B}.Release|x64.Build.0 = Release|x64
		{CA57A5FA-B4CE-44A6-90AD-7013F52D638B}.Release|x86.ActiveCfg = Release|Win32
		{CA57A5FA-B4CE-44A6-90AD-7013F52D638B}.Release|x86.Build.0 = Release|Win32
=======
		{9127DB38-4498-473A-80EE-00671A4D46DF}.Debug|x64.ActiveCfg = Debug|x64
		{9127DB38-4498-473A-80EE-00671A4D46DF}.Debug|x64.Build.0 = Debug|x64
		{9127DB38-4498-473A-80EE-00671A4D46DF}.Debug|x86.ActiveCfg = Debug|Win32
		{9127DB38-4498-473A-80EE-00671A4D46DF}.Debug|x86.Build.0 = Debug|Win32
		{9127DB38-4498-473A-80EE-00671A4D46DF}.Release|x64.ActiveCfg = Release|x64
		{9127DB38-4498-473A-80EE-00671A4D46DF}.Release|x64.Build.0 = Release|x64
		{9127DB38-4498-473A-80EE-00671A4D46DF}.Release|x86.ActiveCfg = Release|Win32
		{9127DB38-4498-473A-80EE-00671A4D46DF}.Release|x86.Build.0 = Release|Win32
>>>>>>> 791c797949c72977407d078b7ab8f39582105ae4
	EndGlobalSection
	GlobalSection(SolutionProperties) = preSolution
		HideSolutionNode = FALSE
	EndGlobalSection
	GlobalSection(NestedProjects) = preSolution
		{EF1B18E5-6A28-400F-89ED-E738CE569183} = {95055AD1-DA7B-4FC5-99F9-CA8CC4998641}
		{43F1B191-80DA-44A7-B91B-0EB54680126A} = {95055AD1-DA7B-4FC5-99F9-CA8CC4998641}
		{3B07103B-F953-4D47-BB7F-BF67E20E19CE} = {95055AD1-DA7B-4FC5-99F9-CA8CC4998641}
		{FB6B76C6-A25A-47D5-955F-188E54953BAF} = {95055AD1-DA7B-4FC5-99F9-CA8CC4998641}
		{65051CFB-B4DE-410F-80DA-2BC8726D2695} = {7EB74F2B-1CE0-4CFF-9B68-9212C8E960FA}
		{D9B86F10-B75D-451B-8C2B-CF08C1944341} = {95055AD1-DA7B-4FC5-99F9-CA8CC4998641}
		{90FBC4D2-63F5-4E54-807D-682598D40EB9} = {28F1D134-FA58-4FF6-AEB5-2A9ABC42CFDE}
		{466530FF-B024-4283-B248-BE763D0CE844} = {95055AD1-DA7B-4FC5-99F9-CA8CC4998641}
		{F43E5FEC-DF43-47AB-957B-7DF46DA2D963} = {95055AD1-DA7B-4FC5-99F9-CA8CC4998641}
		{BCF42882-1FEC-4197-8FB0-4589FC019CE3} = {7EB74F2B-1CE0-4CFF-9B68-9212C8E960FA}
		{CD27E7E3-2B9D-472A-8200-4A0493624654} = {95055AD1-DA7B-4FC5-99F9-CA8CC4998641}
		{F49AB9D2-CE9A-4CBA-9D91-E9B187E46155} = {7EB74F2B-1CE0-4CFF-9B68-9212C8E960FA}
		{A2135C3A-B03D-41E4-AB52-93D0F9203D6A} = {7EB74F2B-1CE0-4CFF-9B68-9212C8E960FA}
		{7F94F34B-902B-4BB6-935C-90F5C4A94D6E} = {28F1D134-FA58-4FF6-AEB5-2A9ABC42CFDE}
		{A1F0039F-3880-482C-B1C3-E27B7F13C2AE} = {7EB74F2B-1CE0-4CFF-9B68-9212C8E960FA}
		{0047571B-4F7D-49C0-94DD-A1059BE17C5D} = {95055AD1-DA7B-4FC5-99F9-CA8CC4998641}
		{27802ABD-6150-42D4-BA22-3A13268ABA1A} = {95055AD1-DA7B-4FC5-99F9-CA8CC4998641}
<<<<<<< HEAD
		{CA57A5FA-B4CE-44A6-90AD-7013F52D638B} = {95055AD1-DA7B-4FC5-99F9-CA8CC4998641}
=======
		{9127DB38-4498-473A-80EE-00671A4D46DF} = {7EB74F2B-1CE0-4CFF-9B68-9212C8E960FA}
>>>>>>> 791c797949c72977407d078b7ab8f39582105ae4
	EndGlobalSection
	GlobalSection(ExtensibilityGlobals) = postSolution
		SolutionGuid = {E952FE6B-5EE1-403E-9D54-ED1AB21EA295}
	EndGlobalSection
EndGlobal
