
Microsoft Visual Studio Solution File, Format Version 12.00
# Visual Studio 15
VisualStudioVersion = 15.0.28307.329
MinimumVisualStudioVersion = 10.0.40219.1
Project("{8BC9CEB8-8B4A-11D0-8D11-00A0C91BC942}") = "TestOgre", "proj\TestOgre\TestOgre.vcxproj", "{EF1B18E5-6A28-400F-89ED-E738CE569183}"
EndProject
Project("{8BC9CEB8-8B4A-11D0-8D11-00A0C91BC942}") = "WindowTest", "proj\WindowTest\WindowTest.vcxproj", "{43F1B191-80DA-44A7-B91B-0EB54680126A}"
EndProject
Project("{8BC9CEB8-8B4A-11D0-8D11-00A0C91BC942}") = "InputTest", "proj\InputTest\InputTest.vcxproj", "{3B07103B-F953-4D47-BB7F-BF67E20E19CE}"
EndProject
Project("{8BC9CEB8-8B4A-11D0-8D11-00A0C91BC942}") = "CheeseTest", "proj\CheeseTest\CheeseTest.vcxproj", "{FB6B76C6-A25A-47D5-955F-188E54953BAF}"
EndProject
Project("{8BC9CEB8-8B4A-11D0-8D11-00A0C91BC942}") = "EntityComponentSystem", "proj\EntityComponentSystem\EntityComponentSystem.vcxproj", "{65051CFB-B4DE-410F-80DA-2BC8726D2695}"
EndProject
Project("{8BC9CEB8-8B4A-11D0-8D11-00A0C91BC942}") = "ECSTest", "proj\ECSTest\ECSTest.vcxproj", "{D9B86F10-B75D-451B-8C2B-CF08C1944341}"
	ProjectSection(ProjectDependencies) = postProject
		{65051CFB-B4DE-410F-80DA-2BC8726D2695} = {65051CFB-B4DE-410F-80DA-2BC8726D2695}
	EndProjectSection
EndProject
Project("{8BC9CEB8-8B4A-11D0-8D11-00A0C91BC942}") = "MainProject", "proj\MainProject\MainProject.vcxproj", "{90FBC4D2-63F5-4E54-807D-682598D40EB9}"
EndProject
Project("{8BC9CEB8-8B4A-11D0-8D11-00A0C91BC942}") = "AudioTest", "proj\AudioTest\AudioTest.vcxproj", "{466530FF-B024-4283-B248-BE763D0CE844}"
EndProject
Project("{8BC9CEB8-8B4A-11D0-8D11-00A0C91BC942}") = "MapTest", "proj\MapTest\MapTest.vcxproj", "{F43E5FEC-DF43-47AB-957B-7DF46DA2D963}"
EndProject
Global
	GlobalSection(SolutionConfigurationPlatforms) = preSolution
		Debug|x64 = Debug|x64
		Debug|x86 = Debug|x86
		Release|x64 = Release|x64
		Release|x86 = Release|x86
	EndGlobalSection
	GlobalSection(ProjectConfigurationPlatforms) = postSolution
		{EF1B18E5-6A28-400F-89ED-E738CE569183}.Debug|x64.ActiveCfg = Debug|x64
		{EF1B18E5-6A28-400F-89ED-E738CE569183}.Debug|x64.Build.0 = Debug|x64
		{EF1B18E5-6A28-400F-89ED-E738CE569183}.Debug|x86.ActiveCfg = Debug|Win32
		{EF1B18E5-6A28-400F-89ED-E738CE569183}.Debug|x86.Build.0 = Debug|Win32
		{EF1B18E5-6A28-400F-89ED-E738CE569183}.Release|x64.ActiveCfg = Release|x64
		{EF1B18E5-6A28-400F-89ED-E738CE569183}.Release|x64.Build.0 = Release|x64
		{EF1B18E5-6A28-400F-89ED-E738CE569183}.Release|x86.ActiveCfg = Release|Win32
		{EF1B18E5-6A28-400F-89ED-E738CE569183}.Release|x86.Build.0 = Release|Win32
		{43F1B191-80DA-44A7-B91B-0EB54680126A}.Debug|x64.ActiveCfg = Debug|x64
		{43F1B191-80DA-44A7-B91B-0EB54680126A}.Debug|x64.Build.0 = Debug|x64
		{43F1B191-80DA-44A7-B91B-0EB54680126A}.Debug|x86.ActiveCfg = Debug|Win32
		{43F1B191-80DA-44A7-B91B-0EB54680126A}.Debug|x86.Build.0 = Debug|Win32
		{43F1B191-80DA-44A7-B91B-0EB54680126A}.Release|x64.ActiveCfg = Release|x64
		{43F1B191-80DA-44A7-B91B-0EB54680126A}.Release|x64.Build.0 = Release|x64
		{43F1B191-80DA-44A7-B91B-0EB54680126A}.Release|x86.ActiveCfg = Release|Win32
		{43F1B191-80DA-44A7-B91B-0EB54680126A}.Release|x86.Build.0 = Release|Win32
		{3B07103B-F953-4D47-BB7F-BF67E20E19CE}.Debug|x64.ActiveCfg = Debug|x64
		{3B07103B-F953-4D47-BB7F-BF67E20E19CE}.Debug|x64.Build.0 = Debug|x64
		{3B07103B-F953-4D47-BB7F-BF67E20E19CE}.Debug|x86.ActiveCfg = Debug|Win32
		{3B07103B-F953-4D47-BB7F-BF67E20E19CE}.Debug|x86.Build.0 = Debug|Win32
		{3B07103B-F953-4D47-BB7F-BF67E20E19CE}.Release|x64.ActiveCfg = Release|x64
		{3B07103B-F953-4D47-BB7F-BF67E20E19CE}.Release|x64.Build.0 = Release|x64
		{3B07103B-F953-4D47-BB7F-BF67E20E19CE}.Release|x86.ActiveCfg = Release|Win32
		{3B07103B-F953-4D47-BB7F-BF67E20E19CE}.Release|x86.Build.0 = Release|Win32
		{FB6B76C6-A25A-47D5-955F-188E54953BAF}.Debug|x64.ActiveCfg = Debug|x64
		{FB6B76C6-A25A-47D5-955F-188E54953BAF}.Debug|x64.Build.0 = Debug|x64
		{FB6B76C6-A25A-47D5-955F-188E54953BAF}.Debug|x86.ActiveCfg = Debug|Win32
		{FB6B76C6-A25A-47D5-955F-188E54953BAF}.Debug|x86.Build.0 = Debug|Win32
		{FB6B76C6-A25A-47D5-955F-188E54953BAF}.Release|x64.ActiveCfg = Release|x64
		{FB6B76C6-A25A-47D5-955F-188E54953BAF}.Release|x64.Build.0 = Release|x64
		{FB6B76C6-A25A-47D5-955F-188E54953BAF}.Release|x86.ActiveCfg = Release|Win32
		{FB6B76C6-A25A-47D5-955F-188E54953BAF}.Release|x86.Build.0 = Release|Win32
		{65051CFB-B4DE-410F-80DA-2BC8726D2695}.Debug|x64.ActiveCfg = Debug|x64
		{65051CFB-B4DE-410F-80DA-2BC8726D2695}.Debug|x64.Build.0 = Debug|x64
		{65051CFB-B4DE-410F-80DA-2BC8726D2695}.Debug|x86.ActiveCfg = Debug|Win32
		{65051CFB-B4DE-410F-80DA-2BC8726D2695}.Debug|x86.Build.0 = Debug|Win32
		{65051CFB-B4DE-410F-80DA-2BC8726D2695}.Release|x64.ActiveCfg = Release|x64
		{65051CFB-B4DE-410F-80DA-2BC8726D2695}.Release|x64.Build.0 = Release|x64
		{65051CFB-B4DE-410F-80DA-2BC8726D2695}.Release|x86.ActiveCfg = Release|Win32
		{65051CFB-B4DE-410F-80DA-2BC8726D2695}.Release|x86.Build.0 = Release|Win32
		{D9B86F10-B75D-451B-8C2B-CF08C1944341}.Debug|x64.ActiveCfg = Debug|x64
		{D9B86F10-B75D-451B-8C2B-CF08C1944341}.Debug|x64.Build.0 = Debug|x64
		{D9B86F10-B75D-451B-8C2B-CF08C1944341}.Debug|x86.ActiveCfg = Debug|Win32
		{D9B86F10-B75D-451B-8C2B-CF08C1944341}.Debug|x86.Build.0 = Debug|Win32
		{D9B86F10-B75D-451B-8C2B-CF08C1944341}.Release|x64.ActiveCfg = Release|x64
		{D9B86F10-B75D-451B-8C2B-CF08C1944341}.Release|x64.Build.0 = Release|x64
		{D9B86F10-B75D-451B-8C2B-CF08C1944341}.Release|x86.ActiveCfg = Release|Win32
		{D9B86F10-B75D-451B-8C2B-CF08C1944341}.Release|x86.Build.0 = Release|Win32
		{90FBC4D2-63F5-4E54-807D-682598D40EB9}.Debug|x64.ActiveCfg = Debug|x64
		{90FBC4D2-63F5-4E54-807D-682598D40EB9}.Debug|x64.Build.0 = Debug|x64
		{90FBC4D2-63F5-4E54-807D-682598D40EB9}.Debug|x86.ActiveCfg = Debug|Win32
		{90FBC4D2-63F5-4E54-807D-682598D40EB9}.Debug|x86.Build.0 = Debug|Win32
		{90FBC4D2-63F5-4E54-807D-682598D40EB9}.Release|x64.ActiveCfg = Release|x64
		{90FBC4D2-63F5-4E54-807D-682598D40EB9}.Release|x64.Build.0 = Release|x64
		{90FBC4D2-63F5-4E54-807D-682598D40EB9}.Release|x86.ActiveCfg = Release|Win32
		{90FBC4D2-63F5-4E54-807D-682598D40EB9}.Release|x86.Build.0 = Release|Win32
		{466530FF-B024-4283-B248-BE763D0CE844}.Debug|x64.ActiveCfg = Debug|x64
		{466530FF-B024-4283-B248-BE763D0CE844}.Debug|x64.Build.0 = Debug|x64
		{466530FF-B024-4283-B248-BE763D0CE844}.Debug|x86.ActiveCfg = Debug|Win32
		{466530FF-B024-4283-B248-BE763D0CE844}.Debug|x86.Build.0 = Debug|Win32
		{466530FF-B024-4283-B248-BE763D0CE844}.Release|x64.ActiveCfg = Release|x64
		{466530FF-B024-4283-B248-BE763D0CE844}.Release|x64.Build.0 = Release|x64
		{466530FF-B024-4283-B248-BE763D0CE844}.Release|x86.ActiveCfg = Release|Win32
		{466530FF-B024-4283-B248-BE763D0CE844}.Release|x86.Build.0 = Release|Win32
		{F43E5FEC-DF43-47AB-957B-7DF46DA2D963}.Debug|x64.ActiveCfg = Debug|x64
		{F43E5FEC-DF43-47AB-957B-7DF46DA2D963}.Debug|x64.Build.0 = Debug|x64
		{F43E5FEC-DF43-47AB-957B-7DF46DA2D963}.Debug|x86.ActiveCfg = Debug|Win32
		{F43E5FEC-DF43-47AB-957B-7DF46DA2D963}.Debug|x86.Build.0 = Debug|Win32
		{F43E5FEC-DF43-47AB-957B-7DF46DA2D963}.Release|x64.ActiveCfg = Release|x64
		{F43E5FEC-DF43-47AB-957B-7DF46DA2D963}.Release|x64.Build.0 = Release|x64
		{F43E5FEC-DF43-47AB-957B-7DF46DA2D963}.Release|x86.ActiveCfg = Release|Win32
		{F43E5FEC-DF43-47AB-957B-7DF46DA2D963}.Release|x86.Build.0 = Release|Win32
	EndGlobalSection
	GlobalSection(SolutionProperties) = preSolution
		HideSolutionNode = FALSE
	EndGlobalSection
	GlobalSection(ExtensibilityGlobals) = postSolution
		SolutionGuid = {E952FE6B-5EE1-403E-9D54-ED1AB21EA295}
	EndGlobalSection
EndGlobal
